
Microsoft Visual Studio Solution File, Format Version 12.00
# Visual Studio Version 17
VisualStudioVersion = 17.7.34018.315
MinimumVisualStudioVersion = 10.0.40219.1
Project("{8BC9CEB8-8B4A-11D0-8D11-00A0C91BC942}") = "01043303_template_pair", "01043303_template_pair.vcxproj", "{230D9561-83B8-450E-9033-E1D2C938331F}"
EndProject
Global
	GlobalSection(SolutionConfigurationPlatforms) = preSolution
		Debug|x64 = Debug|x64
		Debug|x86 = Debug|x86
		Release|x64 = Release|x64
		Release|x86 = Release|x86
	EndGlobalSection
	GlobalSection(ProjectConfigurationPlatforms) = postSolution
		{230D9561-83B8-450E-9033-E1D2C938331F}.Debug|x64.ActiveCfg = Debug|x64
		{230D9561-83B8-450E-9033-E1D2C938331F}.Debug|x64.Build.0 = Debug|x64
		{230D9561-83B8-450E-9033-E1D2C938331F}.Debug|x86.ActiveCfg = Debug|Win32
		{230D9561-83B8-450E-9033-E1D2C938331F}.Debug|x86.Build.0 = Debug|Win32
		{230D9561-83B8-450E-9033-E1D2C938331F}.Release|x64.ActiveCfg = Release|x64
		{230D9561-83B8-450E-9033-E1D2C938331F}.Release|x64.Build.0 = Release|x64
		{230D9561-83B8-450E-9033-E1D2C938331F}.Release|x86.ActiveCfg = Release|Win32
		{230D9561-83B8-450E-9033-E1D2C938331F}.Release|x86.Build.0 = Release|Win32
	EndGlobalSection
	GlobalSection(SolutionProperties) = preSolution
		HideSolutionNode = FALSE
	EndGlobalSection
	GlobalSection(ExtensibilityGlobals) = postSolution
		SolutionGuid = {BAC4CD63-4D10-46C7-8A0E-C74BA7C18CD2}
	EndGlobalSection
EndGlobal
